{
  "name": "login.dfe.migration.admin",
  "version": "1.0.0",
  "lockfileVersion": 1,
  "requires": true,
  "dependencies": {
    "binary-search": {
      "version": "1.3.6",
      "resolved": "https://sfa-gov-uk.pkgs.visualstudio.com/aa44e142-c0ac-4ace-a6b2-0d9a3f35d516/_packaging/DfESignin/npm/registry/binary-search/-/binary-search-1.3.6.tgz",
      "integrity": "sha1-4yQmAWoMUJLw81mINqHH2jVgVlw="
    },
    "buffer-equal-constant-time": {
      "version": "1.0.1",
      "resolved": "https://sfa-gov-uk.pkgs.visualstudio.com/aa44e142-c0ac-4ace-a6b2-0d9a3f35d516/_packaging/DfESignin/npm/registry/buffer-equal-constant-time/-/buffer-equal-constant-time-1.0.1.tgz",
      "integrity": "sha1-+OcRMvf/5uAaXJaXpMbz5I1cyBk="
    },
    "ecdsa-sig-formatter": {
      "version": "1.0.11",
      "resolved": "https://sfa-gov-uk.pkgs.visualstudio.com/aa44e142-c0ac-4ace-a6b2-0d9a3f35d516/_packaging/DfESignin/npm/registry/ecdsa-sig-formatter/-/ecdsa-sig-formatter-1.0.11.tgz",
      "integrity": "sha1-rg8PothQRe8UqBfao86azQSJ5b8=",
      "requires": {
        "safe-buffer": "^5.0.1"
      }
    },
    "jsonwebtoken": {
      "version": "8.5.1",
      "resolved": "https://sfa-gov-uk.pkgs.visualstudio.com/aa44e142-c0ac-4ace-a6b2-0d9a3f35d516/_packaging/DfESignin/npm/registry/jsonwebtoken/-/jsonwebtoken-8.5.1.tgz",
      "integrity": "sha1-AOceC431TCEhofJhN98igGc7zA0=",
      "requires": {
        "jws": "^3.2.2",
        "lodash.includes": "^4.3.0",
        "lodash.isboolean": "^3.0.3",
        "lodash.isinteger": "^4.0.4",
        "lodash.isnumber": "^3.0.3",
        "lodash.isplainobject": "^4.0.6",
        "lodash.isstring": "^4.0.1",
        "lodash.once": "^4.0.0",
        "ms": "^2.1.1",
        "semver": "^5.6.0"
      }
    },
    "jwa": {
      "version": "1.4.1",
      "resolved": "https://sfa-gov-uk.pkgs.visualstudio.com/aa44e142-c0ac-4ace-a6b2-0d9a3f35d516/_packaging/DfESignin/npm/registry/jwa/-/jwa-1.4.1.tgz",
      "integrity": "sha1-dDwymFy56YZVUw1TZBtmyGRbA5o=",
      "requires": {
        "buffer-equal-constant-time": "1.0.1",
        "ecdsa-sig-formatter": "1.0.11",
        "safe-buffer": "^5.0.1"
      }
    },
    "jws": {
      "version": "3.2.2",
      "resolved": "https://sfa-gov-uk.pkgs.visualstudio.com/aa44e142-c0ac-4ace-a6b2-0d9a3f35d516/_packaging/DfESignin/npm/registry/jws/-/jws-3.2.2.tgz",
      "integrity": "sha1-ABCZ82OUaMlBQADpmZX6UvtHgwQ=",
      "requires": {
        "jwa": "^1.4.1",
        "safe-buffer": "^5.0.1"
      }
    },
    "lodash.includes": {
      "version": "4.3.0",
      "resolved": "https://sfa-gov-uk.pkgs.visualstudio.com/aa44e142-c0ac-4ace-a6b2-0d9a3f35d516/_packaging/DfESignin/npm/registry/lodash.includes/-/lodash.includes-4.3.0.tgz",
      "integrity": "sha1-YLuYqHy5I8aMoeUTJUgzFISfVT8="
    },
    "lodash.isboolean": {
      "version": "3.0.3",
      "resolved": "https://sfa-gov-uk.pkgs.visualstudio.com/aa44e142-c0ac-4ace-a6b2-0d9a3f35d516/_packaging/DfESignin/npm/registry/lodash.isboolean/-/lodash.isboolean-3.0.3.tgz",
      "integrity": "sha1-bC4XHbKiV82WgC/UOwGyDV9YcPY="
    },
    "lodash.isinteger": {
      "version": "4.0.4",
      "resolved": "https://sfa-gov-uk.pkgs.visualstudio.com/aa44e142-c0ac-4ace-a6b2-0d9a3f35d516/_packaging/DfESignin/npm/registry/lodash.isinteger/-/lodash.isinteger-4.0.4.tgz",
      "integrity": "sha1-YZwK89A/iwTDH1iChAt3sRzWg0M="
    },
    "lodash.isnumber": {
      "version": "3.0.3",
      "resolved": "https://sfa-gov-uk.pkgs.visualstudio.com/aa44e142-c0ac-4ace-a6b2-0d9a3f35d516/_packaging/DfESignin/npm/registry/lodash.isnumber/-/lodash.isnumber-3.0.3.tgz",
      "integrity": "sha1-POdoEMWSjQM1IwGsKHMX8RwLH/w="
    },
    "lodash.isplainobject": {
      "version": "4.0.6",
      "resolved": "https://sfa-gov-uk.pkgs.visualstudio.com/aa44e142-c0ac-4ace-a6b2-0d9a3f35d516/_packaging/DfESignin/npm/registry/lodash.isplainobject/-/lodash.isplainobject-4.0.6.tgz",
      "integrity": "sha1-fFJqUtibRcRcxpC4gWO+BJf1UMs="
    },
    "lodash.isstring": {
      "version": "4.0.1",
      "resolved": "https://sfa-gov-uk.pkgs.visualstudio.com/aa44e142-c0ac-4ace-a6b2-0d9a3f35d516/_packaging/DfESignin/npm/registry/lodash.isstring/-/lodash.isstring-4.0.1.tgz",
      "integrity": "sha1-1SfftUVuynzJu5XV2ur4i6VKVFE="
    },
    "lodash.once": {
      "version": "4.1.1",
      "resolved": "https://sfa-gov-uk.pkgs.visualstudio.com/aa44e142-c0ac-4ace-a6b2-0d9a3f35d516/_packaging/DfESignin/npm/registry/lodash.once/-/lodash.once-4.1.1.tgz",
      "integrity": "sha1-DdOXEhPHxW34gJd9UEyI+0cal6w="
    },
    "ms": {
      "version": "2.1.3",
      "resolved": "https://sfa-gov-uk.pkgs.visualstudio.com/aa44e142-c0ac-4ace-a6b2-0d9a3f35d516/_packaging/DfESignin/npm/registry/ms/-/ms-2.1.3.tgz",
      "integrity": "sha1-V0yBOM4dK1hh8LRFedut1gxmFbI="
    },
    "niceware": {
      "version": "1.0.7",
      "resolved": "https://sfa-gov-uk.pkgs.visualstudio.com/aa44e142-c0ac-4ace-a6b2-0d9a3f35d516/_packaging/DfESignin/npm/registry/niceware/-/niceware-1.0.7.tgz",
      "integrity": "sha1-lYJXoeS967GlC0NFIresNXJUjZs=",
      "requires": {
        "binary-search": "^1.3.3",
        "randombytes": "^2.0.6"
      }
    },
    "randombytes": {
      "version": "2.1.0",
      "resolved": "https://sfa-gov-uk.pkgs.visualstudio.com/aa44e142-c0ac-4ace-a6b2-0d9a3f35d516/_packaging/DfESignin/npm/registry/randombytes/-/randombytes-2.1.0.tgz",
      "integrity": "sha1-32+ENy8CcNxlzfYpE0mrekc9Tyo=",
      "requires": {
        "safe-buffer": "^5.1.0"
      }
    },
    "safe-buffer": {
      "version": "5.2.1",
      "resolved": "https://sfa-gov-uk.pkgs.visualstudio.com/aa44e142-c0ac-4ace-a6b2-0d9a3f35d516/_packaging/DfESignin/npm/registry/safe-buffer/-/safe-buffer-5.2.1.tgz",
      "integrity": "sha1-Hq+fqb2x/dTsdfWPnNtOa3gn7sY="
    },
    "semver": {
      "version": "5.7.1",
      "resolved": "https://sfa-gov-uk.pkgs.visualstudio.com/aa44e142-c0ac-4ace-a6b2-0d9a3f35d516/_packaging/DfESignin/npm/registry/semver/-/semver-5.7.1.tgz",
      "integrity": "sha1-qVT5Ma66UI0we78Gnv8MAclhFvc="
    },
    "uuid": {
      "version": "3.4.0",
      "resolved": "https://sfa-gov-uk.pkgs.visualstudio.com/aa44e142-c0ac-4ace-a6b2-0d9a3f35d516/_packaging/DfESignin/npm/registry/uuid/-/uuid-3.4.0.tgz",
      "integrity": "sha1-sj5DWK+oogL+ehAK8fX4g/AgB+4="
    }
  }
}
